
Microsoft Visual Studio Solution File, Format Version 12.00
# Visual Studio 15
VisualStudioVersion = 15.0.28307.572
MinimumVisualStudioVersion = 10.0.40219.1
Project("{9A19103F-16F7-4668-BE54-9A1E7A4F7556}") = "CPPNArt", "CPPNArt\CPPNArt.csproj", "{DE1163CB-45BB-4ED4-BEDA-1E23BFB9D8FF}"
EndProject
Project("{9A19103F-16F7-4668-BE54-9A1E7A4F7556}") = "NEATCore", "NEATCore\NEATCore.csproj", "{099FC949-DBC2-4CBA-805A-0CD5B08F703D}"
EndProject
Project("{FAE04EC0-301F-11D3-BF4B-00C04F79EFBC}") = "CPPNDriver", "CPPNDriver\CPPNDriver.csproj", "{A69F5D7A-E1BB-435E-8ABF-939C8CE570EC}"
EndProject
Project("{FAE04EC0-301F-11D3-BF4B-00C04F79EFBC}") = "Distributions", "Distributions\Distributions.csproj", "{5D4A0D76-18D0-4DF2-8464-37C9AAE9B741}"
EndProject
Global
	GlobalSection(SolutionConfigurationPlatforms) = preSolution
		Debug|Any CPU = Debug|Any CPU
		Release|Any CPU = Release|Any CPU
	EndGlobalSection
	GlobalSection(ProjectConfigurationPlatforms) = postSolution
		{DE1163CB-45BB-4ED4-BEDA-1E23BFB9D8FF}.Debug|Any CPU.ActiveCfg = Debug|Any CPU
		{DE1163CB-45BB-4ED4-BEDA-1E23BFB9D8FF}.Debug|Any CPU.Build.0 = Debug|Any CPU
		{DE1163CB-45BB-4ED4-BEDA-1E23BFB9D8FF}.Release|Any CPU.ActiveCfg = Release|Any CPU
		{DE1163CB-45BB-4ED4-BEDA-1E23BFB9D8FF}.Release|Any CPU.Build.0 = Release|Any CPU
		{099FC949-DBC2-4CBA-805A-0CD5B08F703D}.Debug|Any CPU.ActiveCfg = Debug|Any CPU
		{099FC949-DBC2-4CBA-805A-0CD5B08F703D}.Debug|Any CPU.Build.0 = Debug|Any CPU
		{099FC949-DBC2-4CBA-805A-0CD5B08F703D}.Release|Any CPU.ActiveCfg = Release|Any CPU
		{099FC949-DBC2-4CBA-805A-0CD5B08F703D}.Release|Any CPU.Build.0 = Release|Any CPU
		{A69F5D7A-E1BB-435E-8ABF-939C8CE570EC}.Debug|Any CPU.ActiveCfg = Debug|Any CPU
		{A69F5D7A-E1BB-435E-8ABF-939C8CE570EC}.Debug|Any CPU.Build.0 = Debug|Any CPU
		{A69F5D7A-E1BB-435E-8ABF-939C8CE570EC}.Release|Any CPU.ActiveCfg = Release|Any CPU
		{A69F5D7A-E1BB-435E-8ABF-939C8CE570EC}.Release|Any CPU.Build.0 = Release|Any CPU
		{5D4A0D76-18D0-4DF2-8464-37C9AAE9B741}.Debug|Any CPU.ActiveCfg = Debug|Any CPU
		{5D4A0D76-18D0-4DF2-8464-37C9AAE9B741}.Debug|Any CPU.Build.0 = Debug|Any CPU
		{5D4A0D76-18D0-4DF2-8464-37C9AAE9B741}.Release|Any CPU.ActiveCfg = Release|Any CPU
		{5D4A0D76-18D0-4DF2-8464-37C9AAE9B741}.Release|Any CPU.Build.0 = Release|Any CPU
	EndGlobalSection
	GlobalSection(SolutionProperties) = preSolution
		HideSolutionNode = FALSE
	EndGlobalSection
	GlobalSection(ExtensibilityGlobals) = postSolution
		SolutionGuid = {B1EBFDE5-66E4-45BC-8471-344533B4A77C}
	EndGlobalSection
EndGlobal
